
Microsoft Visual Studio Solution File, Format Version 12.00
# Visual Studio Version 17
VisualStudioVersion = 17.14.36915.13 d17.14
MinimumVisualStudioVersion = 10.0.40219.1
Project("{FAE04EC0-301F-11D3-BF4B-00C04F79EFBC}") = "QA-Homeweb-Automation-3.0", "QA-Homeweb-Automation-3.0.csproj", "{8E915362-D6BD-4F8C-A72E-AAF4F9F9D69D}"
EndProject
Global
	GlobalSection(SolutionConfigurationPlatforms) = preSolution
		Debug|Any CPU = Debug|Any CPU
		Release|Any CPU = Release|Any CPU
	EndGlobalSection
	GlobalSection(ProjectConfigurationPlatforms) = postSolution
		{8E915362-D6BD-4F8C-A72E-AAF4F9F9D69D}.Debug|Any CPU.ActiveCfg = Debug|Any CPU
		{8E915362-D6BD-4F8C-A72E-AAF4F9F9D69D}.Debug|Any CPU.Build.0 = Debug|Any CPU
		{8E915362-D6BD-4F8C-A72E-AAF4F9F9D69D}.Release|Any CPU.ActiveCfg = Release|Any CPU
		{8E915362-D6BD-4F8C-A72E-AAF4F9F9D69D}.Release|Any CPU.Build.0 = Release|Any CPU
	EndGlobalSection
	GlobalSection(SolutionProperties) = preSolution
		HideSolutionNode = FALSE
	EndGlobalSection
	GlobalSection(ExtensibilityGlobals) = postSolution
		SolutionGuid = {C83A46BC-294B-482E-828E-879F32AE04FC}
	EndGlobalSection
EndGlobal
